
Microsoft Visual Studio Solution File, Format Version 12.00
# Visual Studio Version 17
VisualStudioVersion = 17.5.002.0
MinimumVisualStudioVersion = 10.0.40219.1
Project("{9A19103F-16F7-4668-BE54-9A1E7A4F7556}") = "ContentManagementSystemWebAPI", "ContentManagementSystemWebAPI\ContentManagementSystemWebAPI.csproj", "{ACA5647C-E883-41C8-8493-D5B8917B3456}"
EndProject
Global
	GlobalSection(SolutionConfigurationPlatforms) = preSolution
		Debug|Any CPU = Debug|Any CPU
		Release|Any CPU = Release|Any CPU
	EndGlobalSection
	GlobalSection(ProjectConfigurationPlatforms) = postSolution
		{ACA5647C-E883-41C8-8493-D5B8917B3456}.Debug|Any CPU.ActiveCfg = Debug|Any CPU
		{ACA5647C-E883-41C8-8493-D5B8917B3456}.Debug|Any CPU.Build.0 = Debug|Any CPU
		{ACA5647C-E883-41C8-8493-D5B8917B3456}.Release|Any CPU.ActiveCfg = Release|Any CPU
		{ACA5647C-E883-41C8-8493-D5B8917B3456}.Release|Any CPU.Build.0 = Release|Any CPU
	EndGlobalSection
	GlobalSection(SolutionProperties) = preSolution
		HideSolutionNode = FALSE
	EndGlobalSection
	GlobalSection(ExtensibilityGlobals) = postSolution
		SolutionGuid = {68CDBC1D-FEA9-4B6D-8A61-DEC465F087F8}
	EndGlobalSection
EndGlobal
